// !$*UTF8*$!
{
	archiveVersion = 1;
	classes = {
	};
	objectVersion = 77;
	objects = {

/* Begin PBXBuildFile section */
		28D09623F4D35D50415D0C9E /* Pods_PupillometryAppTests.framework in Frameworks */ = {isa = PBXBuildFile; fileRef = ACE53DEEE3405B434E439E01 /* Pods_PupillometryAppTests.framework */; };
		656C857A80E2B86810EA1AB2 /* Pods_PupillometryAppUITests.framework in Frameworks */ = {isa = PBXBuildFile; fileRef = 407EF4A8018E72226B43DF22 /* Pods_PupillometryAppUITests.framework */; };
		93F4B9B2A12996501E28F04E /* Pods_PupillometryApp.framework in Frameworks */ = {isa = PBXBuildFile; fileRef = 9379CD25A73CA090A5D63112 /* Pods_PupillometryApp.framework */; };
		E950C3B42E10969C004C273B /* FirebaseAnalytics in Frameworks */ = {isa = PBXBuildFile; productRef = E950C3B32E10969C004C273B /* FirebaseAnalytics */; };
		E950C3B62E10969C004C273B /* FirebaseAuth in Frameworks */ = {isa = PBXBuildFile; productRef = E950C3B52E10969C004C273B /* FirebaseAuth */; };
		E950C3B82E10969C004C273B /* FirebaseCore in Frameworks */ = {isa = PBXBuildFile; productRef = E950C3B72E10969C004C273B /* FirebaseCore */; };
		E950C3BA2E10969C004C273B /* FirebaseDatabase in Frameworks */ = {isa = PBXBuildFile; productRef = E950C3B92E10969C004C273B /* FirebaseDatabase */; };
		E950C3BC2E10969C004C273B /* FirebaseStorage in Frameworks */ = {isa = PBXBuildFile; productRef = E950C3BB2E10969C004C273B /* FirebaseStorage */; };
		E982A7692E078E14006571AB /* FirebaseAnalytics in Frameworks */ = {isa = PBXBuildFile; productRef = E982A7682E078E14006571AB /* FirebaseAnalytics */; };
		E982A76B2E078E14006571AB /* FirebaseAuth in Frameworks */ = {isa = PBXBuildFile; productRef = E982A76A2E078E14006571AB /* FirebaseAuth */; };
		E982A76D2E078E14006571AB /* FirebaseCore in Frameworks */ = {isa = PBXBuildFile; productRef = E982A76C2E078E14006571AB /* FirebaseCore */; };
		E982A76F2E078E14006571AB /* FirebaseDatabase in Frameworks */ = {isa = PBXBuildFile; productRef = E982A76E2E078E14006571AB /* FirebaseDatabase */; };
		E982A7712E078E14006571AB /* FirebaseStorage in Frameworks */ = {isa = PBXBuildFile; productRef = E982A7702E078E14006571AB /* FirebaseStorage */; };
		E9B107752DF9168000C90B56 /* podfile in Resources */ = {isa = PBXBuildFile; fileRef = E9B107742DF9167800C90B56 /* podfile */; };
		E9C2D4682DE93C87006F1CBA /* ARKit.framework in Frameworks */ = {isa = PBXBuildFile; fileRef = E9C2D4672DE93C87006F1CBA /* ARKit.framework */; };
		E9C2D46A2DE93CBC006F1CBA /* Vision.framework in Frameworks */ = {isa = PBXBuildFile; fileRef = E9C2D4692DE93CBC006F1CBA /* Vision.framework */; };
		E9C2D46C2DE93CC8006F1CBA /* AVFoundation.framework in Frameworks */ = {isa = PBXBuildFile; fileRef = E9C2D46B2DE93CC8006F1CBA /* AVFoundation.framework */; };
		E9C2D46E2DE93CD0006F1CBA /* CoreML.framework in Frameworks */ = {isa = PBXBuildFile; fileRef = E9C2D46D2DE93CD0006F1CBA /* CoreML.framework */; };
		E9C2D4702DE93CDA006F1CBA /* SceneKit.framework in Frameworks */ = {isa = PBXBuildFile; fileRef = E9C2D46F2DE93CDA006F1CBA /* SceneKit.framework */; };
/* End PBXBuildFile section */

/* Begin PBXContainerItemProxy section */
		E9C2D4492DE93AD8006F1CBA /* PBXContainerItemProxy */ = {
			isa = PBXContainerItemProxy;
			containerPortal = E9C2D4272DE93AD4006F1CBA /* Project object */;
			proxyType = 1;
			remoteGlobalIDString = E9C2D42E2DE93AD5006F1CBA;
			remoteInfo = PupillometryApp;
		};
		E9C2D4532DE93AD8006F1CBA /* PBXContainerItemProxy */ = {
			isa = PBXContainerItemProxy;
			containerPortal = E9C2D4272DE93AD4006F1CBA /* Project object */;
			proxyType = 1;
			remoteGlobalIDString = E9C2D42E2DE93AD5006F1CBA;
			remoteInfo = PupillometryApp;
		};
/* End PBXContainerItemProxy section */

/* Begin PBXFileReference section */
		407EF4A8018E72226B43DF22 /* Pods_PupillometryAppUITests.framework */ = {isa = PBXFileReference; explicitFileType = wrapper.framework; includeInIndex = 0; path = Pods_PupillometryAppUITests.framework; sourceTree = BUILT_PRODUCTS_DIR; };
		45615415A372C7BB58044251 /* Pods-PupillometryAppUITests.release.xcconfig */ = {isa = PBXFileReference; includeInIndex = 1; lastKnownFileType = text.xcconfig; name = "Pods-PupillometryAppUITests.release.xcconfig"; path = "Target Support Files/Pods-PupillometryAppUITests/Pods-PupillometryAppUITests.release.xcconfig"; sourceTree = "<group>"; };
		74C8C752C2AAF28FED60DD96 /* Pods-PupillometryAppTests.debug.xcconfig */ = {isa = PBXFileReference; includeInIndex = 1; lastKnownFileType = text.xcconfig; name = "Pods-PupillometryAppTests.debug.xcconfig"; path = "Target Support Files/Pods-PupillometryAppTests/Pods-PupillometryAppTests.debug.xcconfig"; sourceTree = "<group>"; };
		859DE2AC991927FA9C3A5909 /* Pods-PupillometryAppUITests.debug.xcconfig */ = {isa = PBXFileReference; includeInIndex = 1; lastKnownFileType = text.xcconfig; name = "Pods-PupillometryAppUITests.debug.xcconfig"; path = "Target Support Files/Pods-PupillometryAppUITests/Pods-PupillometryAppUITests.debug.xcconfig"; sourceTree = "<group>"; };
		9379CD25A73CA090A5D63112 /* Pods_PupillometryApp.framework */ = {isa = PBXFileReference; explicitFileType = wrapper.framework; includeInIndex = 0; path = Pods_PupillometryApp.framework; sourceTree = BUILT_PRODUCTS_DIR; };
		ACE53DEEE3405B434E439E01 /* Pods_PupillometryAppTests.framework */ = {isa = PBXFileReference; explicitFileType = wrapper.framework; includeInIndex = 0; path = Pods_PupillometryAppTests.framework; sourceTree = BUILT_PRODUCTS_DIR; };
		AFF7FEB9F8E2E79219DB6F1C /* Pods-PupillometryAppTests.release.xcconfig */ = {isa = PBXFileReference; includeInIndex = 1; lastKnownFileType = text.xcconfig; name = "Pods-PupillometryAppTests.release.xcconfig"; path = "Target Support Files/Pods-PupillometryAppTests/Pods-PupillometryAppTests.release.xcconfig"; sourceTree = "<group>"; };
		D36497F5A74B7EF36C6658FD /* Pods-PupillometryApp.debug.xcconfig */ = {isa = PBXFileReference; includeInIndex = 1; lastKnownFileType = text.xcconfig; name = "Pods-PupillometryApp.debug.xcconfig"; path = "Target Support Files/Pods-PupillometryApp/Pods-PupillometryApp.debug.xcconfig"; sourceTree = "<group>"; };
		DEF3FC1A2BA7917FD7E358B5 /* Pods-PupillometryApp.release.xcconfig */ = {isa = PBXFileReference; includeInIndex = 1; lastKnownFileType = text.xcconfig; name = "Pods-PupillometryApp.release.xcconfig"; path = "Target Support Files/Pods-PupillometryApp/Pods-PupillometryApp.release.xcconfig"; sourceTree = "<group>"; };
		E9B107742DF9167800C90B56 /* podfile */ = {isa = PBXFileReference; lastKnownFileType = text; path = podfile; sourceTree = "<group>"; xcLanguageSpecificationIdentifier = xcode.lang.ruby; };
		E9C2D42F2DE93AD5006F1CBA /* PupillometryApp.app */ = {isa = PBXFileReference; explicitFileType = wrapper.application; includeInIndex = 0; path = PupillometryApp.app; sourceTree = BUILT_PRODUCTS_DIR; };
		E9C2D4482DE93AD8006F1CBA /* PupillometryAppTests.xctest */ = {isa = PBXFileReference; explicitFileType = wrapper.cfbundle; includeInIndex = 0; path = PupillometryAppTests.xctest; sourceTree = BUILT_PRODUCTS_DIR; };
		E9C2D4522DE93AD8006F1CBA /* PupillometryAppUITests.xctest */ = {isa = PBXFileReference; explicitFileType = wrapper.cfbundle; includeInIndex = 0; path = PupillometryAppUITests.xctest; sourceTree = BUILT_PRODUCTS_DIR; };
		E9C2D4672DE93C87006F1CBA /* ARKit.framework */ = {isa = PBXFileReference; lastKnownFileType = wrapper.framework; name = ARKit.framework; path = System/Library/Frameworks/ARKit.framework; sourceTree = SDKROOT; };
		E9C2D4692DE93CBC006F1CBA /* Vision.framework */ = {isa = PBXFileReference; lastKnownFileType = wrapper.framework; name = Vision.framework; path = System/Library/Frameworks/Vision.framework; sourceTree = SDKROOT; };
		E9C2D46B2DE93CC8006F1CBA /* AVFoundation.framework */ = {isa = PBXFileReference; lastKnownFileType = wrapper.framework; name = AVFoundation.framework; path = System/Library/Frameworks/AVFoundation.framework; sourceTree = SDKROOT; };
		E9C2D46D2DE93CD0006F1CBA /* CoreML.framework */ = {isa = PBXFileReference; lastKnownFileType = wrapper.framework; name = CoreML.framework; path = System/Library/Frameworks/CoreML.framework; sourceTree = SDKROOT; };
		E9C2D46F2DE93CDA006F1CBA /* SceneKit.framework */ = {isa = PBXFileReference; lastKnownFileType = wrapper.framework; name = SceneKit.framework; path = System/Library/Frameworks/SceneKit.framework; sourceTree = SDKROOT; };
		E9E0BCEB2E0688A000D9F52D /* PupillometryAppTests */ = {isa = PBXFileReference; lastKnownFileType = folder; path = PupillometryAppTests; sourceTree = "<group>"; };
/* End PBXFileReference section */

/* Begin PBXFileSystemSynchronizedBuildFileExceptionSet section */
		E9C2D45A2DE93AD8006F1CBA /* Exceptions for "PupillometryApp" folder in "PupillometryApp" target */ = {
			isa = PBXFileSystemSynchronizedBuildFileExceptionSet;
			membershipExceptions = (
				Info.plist,
				Models/left_eye.mlpackage,
				Models/right_eye.mlpackage,
			);
			target = E9C2D42E2DE93AD5006F1CBA /* PupillometryApp */;
		};
/* End PBXFileSystemSynchronizedBuildFileExceptionSet section */

/* Begin PBXFileSystemSynchronizedGroupBuildPhaseMembershipExceptionSet section */
		E9038EC62E29E79100196D5C /* Exceptions for "PupillometryApp" folder in "Copy Bundle Resources" phase from "PupillometryApp" target */ = {
			isa = PBXFileSystemSynchronizedGroupBuildPhaseMembershipExceptionSet;
			buildPhase = E9C2D42D2DE93AD5006F1CBA /* Resources */;
			membershipExceptions = (
				Models/left_eye.mlpackage,
				Models/right_eye.mlpackage,
			);
		};
/* End PBXFileSystemSynchronizedGroupBuildPhaseMembershipExceptionSet section */

/* Begin PBXFileSystemSynchronizedRootGroup section */
		E9C2D4312DE93AD5006F1CBA /* PupillometryApp */ = {
			isa = PBXFileSystemSynchronizedRootGroup;
			exceptions = (
				E9C2D45A2DE93AD8006F1CBA /* Exceptions for "PupillometryApp" folder in "PupillometryApp" target */,
				E9038EC62E29E79100196D5C /* Exceptions for "PupillometryApp" folder in "Copy Bundle Resources" phase from "PupillometryApp" target */,
			);
			path = PupillometryApp;
			sourceTree = "<group>";
		};
		E9C2D4552DE93AD8006F1CBA /* PupillometryAppUITests */ = {
			isa = PBXFileSystemSynchronizedRootGroup;
			path = PupillometryAppUITests;
			sourceTree = "<group>";
		};
/* End PBXFileSystemSynchronizedRootGroup section */

/* Begin PBXFrameworksBuildPhase section */
		E9C2D42C2DE93AD5006F1CBA /* Frameworks */ = {
			isa = PBXFrameworksBuildPhase;
			buildActionMask = 2147483647;
			files = (
				E9C2D46A2DE93CBC006F1CBA /* Vision.framework in Frameworks */,
				E9C2D4682DE93C87006F1CBA /* ARKit.framework in Frameworks */,
				E982A7692E078E14006571AB /* FirebaseAnalytics in Frameworks */,
				E982A7712E078E14006571AB /* FirebaseStorage in Frameworks */,
				E9C2D4702DE93CDA006F1CBA /* SceneKit.framework in Frameworks */,
				E9C2D46E2DE93CD0006F1CBA /* CoreML.framework in Frameworks */,
				E950C3B42E10969C004C273B /* FirebaseAnalytics in Frameworks */,
				E950C3B62E10969C004C273B /* FirebaseAuth in Frameworks */,
				E950C3BC2E10969C004C273B /* FirebaseStorage in Frameworks */,
				E950C3B82E10969C004C273B /* FirebaseCore in Frameworks */,
				E982A76B2E078E14006571AB /* FirebaseAuth in Frameworks */,
				E982A76F2E078E14006571AB /* FirebaseDatabase in Frameworks */,
				E982A76D2E078E14006571AB /* FirebaseCore in Frameworks */,
				E950C3BA2E10969C004C273B /* FirebaseDatabase in Frameworks */,
				E9C2D46C2DE93CC8006F1CBA /* AVFoundation.framework in Frameworks */,
				93F4B9B2A12996501E28F04E /* Pods_PupillometryApp.framework in Frameworks */,
			);
			runOnlyForDeploymentPostprocessing = 0;
		};
		E9C2D4452DE93AD8006F1CBA /* Frameworks */ = {
			isa = PBXFrameworksBuildPhase;
			buildActionMask = 2147483647;
			files = (
				28D09623F4D35D50415D0C9E /* Pods_PupillometryAppTests.framework in Frameworks */,
			);
			runOnlyForDeploymentPostprocessing = 0;
		};
		E9C2D44F2DE93AD8006F1CBA /* Frameworks */ = {
			isa = PBXFrameworksBuildPhase;
			buildActionMask = 2147483647;
			files = (
				656C857A80E2B86810EA1AB2 /* Pods_PupillometryAppUITests.framework in Frameworks */,
			);
			runOnlyForDeploymentPostprocessing = 0;
		};
/* End PBXFrameworksBuildPhase section */

/* Begin PBXGroup section */
		91016507004C0877929CAD13 /* Pods */ = {
			isa = PBXGroup;
			children = (
				D36497F5A74B7EF36C6658FD /* Pods-PupillometryApp.debug.xcconfig */,
				DEF3FC1A2BA7917FD7E358B5 /* Pods-PupillometryApp.release.xcconfig */,
				74C8C752C2AAF28FED60DD96 /* Pods-PupillometryAppTests.debug.xcconfig */,
				AFF7FEB9F8E2E79219DB6F1C /* Pods-PupillometryAppTests.release.xcconfig */,
				859DE2AC991927FA9C3A5909 /* Pods-PupillometryAppUITests.debug.xcconfig */,
				45615415A372C7BB58044251 /* Pods-PupillometryAppUITests.release.xcconfig */,
			);
			path = Pods;
			sourceTree = "<group>";
		};
		E9C2D4262DE93AD4006F1CBA = {
			isa = PBXGroup;
			children = (
				E9B107742DF9167800C90B56 /* podfile */,
				E9C2D4312DE93AD5006F1CBA /* PupillometryApp */,
				E9E0BCEB2E0688A000D9F52D /* PupillometryAppTests */,
				E9C2D4552DE93AD8006F1CBA /* PupillometryAppUITests */,
				E9C2D4662DE93C87006F1CBA /* Frameworks */,
				E9C2D4302DE93AD5006F1CBA /* Products */,
				91016507004C0877929CAD13 /* Pods */,
			);
			sourceTree = "<group>";
		};
		E9C2D4302DE93AD5006F1CBA /* Products */ = {
			isa = PBXGroup;
			children = (
				E9C2D42F2DE93AD5006F1CBA /* PupillometryApp.app */,
				E9C2D4482DE93AD8006F1CBA /* PupillometryAppTests.xctest */,
				E9C2D4522DE93AD8006F1CBA /* PupillometryAppUITests.xctest */,
			);
			name = Products;
			sourceTree = "<group>";
		};
		E9C2D4662DE93C87006F1CBA /* Frameworks */ = {
			isa = PBXGroup;
			children = (
				E9C2D46F2DE93CDA006F1CBA /* SceneKit.framework */,
				E9C2D46D2DE93CD0006F1CBA /* CoreML.framework */,
				E9C2D46B2DE93CC8006F1CBA /* AVFoundation.framework */,
				E9C2D4692DE93CBC006F1CBA /* Vision.framework */,
				E9C2D4672DE93C87006F1CBA /* ARKit.framework */,
				9379CD25A73CA090A5D63112 /* Pods_PupillometryApp.framework */,
				ACE53DEEE3405B434E439E01 /* Pods_PupillometryAppTests.framework */,
				407EF4A8018E72226B43DF22 /* Pods_PupillometryAppUITests.framework */,
			);
			name = Frameworks;
			sourceTree = "<group>";
		};
/* End PBXGroup section */

/* Begin PBXNativeTarget section */
		E9C2D42E2DE93AD5006F1CBA /* PupillometryApp */ = {
			isa = PBXNativeTarget;
			buildConfigurationList = E9C2D45B2DE93AD8006F1CBA /* Build configuration list for PBXNativeTarget "PupillometryApp" */;
			buildPhases = (
				0E8D733D3E05C609EC0E66E8 /* [CP] Check Pods Manifest.lock */,
				E9C2D42B2DE93AD5006F1CBA /* Sources */,
				E9C2D42C2DE93AD5006F1CBA /* Frameworks */,
				E9C2D42D2DE93AD5006F1CBA /* Resources */,
			);
			buildRules = (
			);
			dependencies = (
			);
			fileSystemSynchronizedGroups = (
				E9C2D4312DE93AD5006F1CBA /* PupillometryApp */,
			);
			name = PupillometryApp;
			productName = PupillometryApp;
			productReference = E9C2D42F2DE93AD5006F1CBA /* PupillometryApp.app */;
			productType = "com.apple.product-type.application";
		};
		E9C2D4472DE93AD8006F1CBA /* PupillometryAppTests */ = {
			isa = PBXNativeTarget;
			buildConfigurationList = E9C2D4602DE93AD8006F1CBA /* Build configuration list for PBXNativeTarget "PupillometryAppTests" */;
			buildPhases = (
				FC554D893C8D7A46C26CE40E /* [CP] Check Pods Manifest.lock */,
				E9C2D4442DE93AD8006F1CBA /* Sources */,
				E9C2D4452DE93AD8006F1CBA /* Frameworks */,
				E9C2D4462DE93AD8006F1CBA /* Resources */,
			);
			buildRules = (
			);
			dependencies = (
				E9C2D44A2DE93AD8006F1CBA /* PBXTargetDependency */,
			);
			name = PupillometryAppTests;
			productName = PupillometryAppTests;
			productReference = E9C2D4482DE93AD8006F1CBA /* PupillometryAppTests.xctest */;
			productType = "com.apple.product-type.bundle.unit-test";
		};
		E9C2D4512DE93AD8006F1CBA /* PupillometryAppUITests */ = {
			isa = PBXNativeTarget;
			buildConfigurationList = E9C2D4632DE93AD8006F1CBA /* Build configuration list for PBXNativeTarget "PupillometryAppUITests" */;
			buildPhases = (
				95095401E5291446F0FA4EE9 /* [CP] Check Pods Manifest.lock */,
				E9C2D44E2DE93AD8006F1CBA /* Sources */,
				E9C2D44F2DE93AD8006F1CBA /* Frameworks */,
				E9C2D4502DE93AD8006F1CBA /* Resources */,
			);
			buildRules = (
			);
			dependencies = (
				E9C2D4542DE93AD8006F1CBA /* PBXTargetDependency */,
			);
			fileSystemSynchronizedGroups = (
				E9C2D4552DE93AD8006F1CBA /* PupillometryAppUITests */,
			);
			name = PupillometryAppUITests;
			productName = PupillometryAppUITests;
			productReference = E9C2D4522DE93AD8006F1CBA /* PupillometryAppUITests.xctest */;
			productType = "com.apple.product-type.bundle.ui-testing";
		};
/* End PBXNativeTarget section */

/* Begin PBXProject section */
		E9C2D4272DE93AD4006F1CBA /* Project object */ = {
			isa = PBXProject;
			attributes = {
				BuildIndependentTargetsInParallel = 1;
				LastSwiftUpdateCheck = 1620;
				LastUpgradeCheck = 1620;
				TargetAttributes = {
					E9C2D42E2DE93AD5006F1CBA = {
						CreatedOnToolsVersion = 16.2;
					};
					E9C2D4472DE93AD8006F1CBA = {
						CreatedOnToolsVersion = 16.2;
						TestTargetID = E9C2D42E2DE93AD5006F1CBA;
					};
					E9C2D4512DE93AD8006F1CBA = {
						CreatedOnToolsVersion = 16.2;
						TestTargetID = E9C2D42E2DE93AD5006F1CBA;
					};
				};
			};
			buildConfigurationList = E9C2D42A2DE93AD5006F1CBA /* Build configuration list for PBXProject "PupillometryApp" */;
			developmentRegion = en;
			hasScannedForEncodings = 0;
			knownRegions = (
				en,
				Base,
			);
			mainGroup = E9C2D4262DE93AD4006F1CBA;
			minimizedProjectReferenceProxies = 1;
			packageReferences = (
				E950C3B22E10969C004C273B /* XCRemoteSwiftPackageReference "firebase-ios-sdk" */,
			);
			preferredProjectObjectVersion = 77;
			productRefGroup = E9C2D4302DE93AD5006F1CBA /* Products */;
			projectDirPath = "";
			projectRoot = "";
			targets = (
				E9C2D42E2DE93AD5006F1CBA /* PupillometryApp */,
				E9C2D4472DE93AD8006F1CBA /* PupillometryAppTests */,
				E9C2D4512DE93AD8006F1CBA /* PupillometryAppUITests */,
			);
		};
/* End PBXProject section */

/* Begin PBXResourcesBuildPhase section */
		E9C2D42D2DE93AD5006F1CBA /* Resources */ = {
			isa = PBXResourcesBuildPhase;
			buildActionMask = 2147483647;
			files = (
				E9B107752DF9168000C90B56 /* podfile in Resources */,
			);
			runOnlyForDeploymentPostprocessing = 0;
		};
		E9C2D4462DE93AD8006F1CBA /* Resources */ = {
			isa = PBXResourcesBuildPhase;
			buildActionMask = 2147483647;
			files = (
			);
			runOnlyForDeploymentPostprocessing = 0;
		};
		E9C2D4502DE93AD8006F1CBA /* Resources */ = {
			isa = PBXResourcesBuildPhase;
			buildActionMask = 2147483647;
			files = (
			);
			runOnlyForDeploymentPostprocessing = 0;
		};
/* End PBXResourcesBuildPhase section */

/* Begin PBXShellScriptBuildPhase section */
		0E8D733D3E05C609EC0E66E8 /* [CP] Check Pods Manifest.lock */ = {
			isa = PBXShellScriptBuildPhase;
			buildActionMask = 2147483647;
			files = (
			);
			inputFileListPaths = (
			);
			inputPaths = (
				"${PODS_PODFILE_DIR_PATH}/Podfile.lock",
				"${PODS_ROOT}/Manifest.lock",
			);
			name = "[CP] Check Pods Manifest.lock";
			outputFileListPaths = (
			);
			outputPaths = (
				"$(DERIVED_FILE_DIR)/Pods-PupillometryApp-checkManifestLockResult.txt",
			);
			runOnlyForDeploymentPostprocessing = 0;
			shellPath = /bin/sh;
			shellScript = "diff \"${PODS_PODFILE_DIR_PATH}/Podfile.lock\" \"${PODS_ROOT}/Manifest.lock\" > /dev/null\nif [ $? != 0 ] ; then\n    # print error to STDERR\n    echo \"error: The sandbox is not in sync with the Podfile.lock. Run 'pod install' or update your CocoaPods installation.\" >&2\n    exit 1\nfi\n# This output is used by Xcode 'outputs' to avoid re-running this script phase.\necho \"SUCCESS\" > \"${SCRIPT_OUTPUT_FILE_0}\"\n";
			showEnvVarsInLog = 0;
		};
		95095401E5291446F0FA4EE9 /* [CP] Check Pods Manifest.lock */ = {
			isa = PBXShellScriptBuildPhase;
			buildActionMask = 2147483647;
			files = (
			);
			inputFileListPaths = (
			);
			inputPaths = (
				"${PODS_PODFILE_DIR_PATH}/Podfile.lock",
				"${PODS_ROOT}/Manifest.lock",
			);
			name = "[CP] Check Pods Manifest.lock";
			outputFileListPaths = (
			);
			outputPaths = (
				"$(DERIVED_FILE_DIR)/Pods-PupillometryAppUITests-checkManifestLockResult.txt",
			);
			runOnlyForDeploymentPostprocessing = 0;
			shellPath = /bin/sh;
			shellScript = "diff \"${PODS_PODFILE_DIR_PATH}/Podfile.lock\" \"${PODS_ROOT}/Manifest.lock\" > /dev/null\nif [ $? != 0 ] ; then\n    # print error to STDERR\n    echo \"error: The sandbox is not in sync with the Podfile.lock. Run 'pod install' or update your CocoaPods installation.\" >&2\n    exit 1\nfi\n# This output is used by Xcode 'outputs' to avoid re-running this script phase.\necho \"SUCCESS\" > \"${SCRIPT_OUTPUT_FILE_0}\"\n";
			showEnvVarsInLog = 0;
		};
		FC554D893C8D7A46C26CE40E /* [CP] Check Pods Manifest.lock */ = {
			isa = PBXShellScriptBuildPhase;
			buildActionMask = 2147483647;
			files = (
			);
			inputFileListPaths = (
			);
			inputPaths = (
				"${PODS_PODFILE_DIR_PATH}/Podfile.lock",
				"${PODS_ROOT}/Manifest.lock",
			);
			name = "[CP] Check Pods Manifest.lock";
			outputFileListPaths = (
			);
			outputPaths = (
				"$(DERIVED_FILE_DIR)/Pods-PupillometryAppTests-checkManifestLockResult.txt",
			);
			runOnlyForDeploymentPostprocessing = 0;
			shellPath = /bin/sh;
			shellScript = "diff \"${PODS_PODFILE_DIR_PATH}/Podfile.lock\" \"${PODS_ROOT}/Manifest.lock\" > /dev/null\nif [ $? != 0 ] ; then\n    # print error to STDERR\n    echo \"error: The sandbox is not in sync with the Podfile.lock. Run 'pod install' or update your CocoaPods installation.\" >&2\n    exit 1\nfi\n# This output is used by Xcode 'outputs' to avoid re-running this script phase.\necho \"SUCCESS\" > \"${SCRIPT_OUTPUT_FILE_0}\"\n";
			showEnvVarsInLog = 0;
		};
/* End PBXShellScriptBuildPhase section */

/* Begin PBXSourcesBuildPhase section */
		E9C2D42B2DE93AD5006F1CBA /* Sources */ = {
			isa = PBXSourcesBuildPhase;
			buildActionMask = 2147483647;
			files = (
			);
			runOnlyForDeploymentPostprocessing = 0;
		};
		E9C2D4442DE93AD8006F1CBA /* Sources */ = {
			isa = PBXSourcesBuildPhase;
			buildActionMask = 2147483647;
			files = (
			);
			runOnlyForDeploymentPostprocessing = 0;
		};
		E9C2D44E2DE93AD8006F1CBA /* Sources */ = {
			isa = PBXSourcesBuildPhase;
			buildActionMask = 2147483647;
			files = (
			);
			runOnlyForDeploymentPostprocessing = 0;
		};
/* End PBXSourcesBuildPhase section */

/* Begin PBXTargetDependency section */
		E9C2D44A2DE93AD8006F1CBA /* PBXTargetDependency */ = {
			isa = PBXTargetDependency;
			target = E9C2D42E2DE93AD5006F1CBA /* PupillometryApp */;
			targetProxy = E9C2D4492DE93AD8006F1CBA /* PBXContainerItemProxy */;
		};
		E9C2D4542DE93AD8006F1CBA /* PBXTargetDependency */ = {
			isa = PBXTargetDependency;
			target = E9C2D42E2DE93AD5006F1CBA /* PupillometryApp */;
			targetProxy = E9C2D4532DE93AD8006F1CBA /* PBXContainerItemProxy */;
		};
/* End PBXTargetDependency section */

/* Begin XCBuildConfiguration section */
		E9C2D45C2DE93AD8006F1CBA /* Debug */ = {
			isa = XCBuildConfiguration;
			baseConfigurationReference = D36497F5A74B7EF36C6658FD /* Pods-PupillometryApp.debug.xcconfig */;
			buildSettings = {
				ASSETCATALOG_COMPILER_APPICON_NAME = AppIcon;
				ASSETCATALOG_COMPILER_GLOBAL_ACCENT_COLOR_NAME = AccentColor;
				CODE_SIGN_IDENTITY = "Apple Development";
				CODE_SIGN_STYLE = Automatic;
				CURRENT_PROJECT_VERSION = 1;
				DEVELOPMENT_TEAM = 8N7UTU996X;
				EXCLUDED_ARCHS = "$(inherited)";
				"EXCLUDED_ARCHS[sdk=iphonesimulator*]" = "$(inherited)";
				GENERATE_INFOPLIST_FILE = YES;
				INFOPLIST_FILE = PupillometryApp/Info.plist;
				INFOPLIST_KEY_CFBundleDisplayName = PupillometryApp;
				INFOPLIST_KEY_NSCameraUsageDescription = "This app uses the camera to track pupil movements for neurological assessment.";
				INFOPLIST_KEY_NSFaceIDUsageDescription = "This app uses face detection to accurately measure pupil responses during cognitive tasks";
				INFOPLIST_KEY_NSMicrophoneUsageDescription = "This app may use audio for task instructions during assessments.";
				INFOPLIST_KEY_NSPhotoLibraryUsageDescription = "This app needs photo library access to save assessment recordings.";
				INFOPLIST_KEY_UIApplicationSupportsIndirectInputEvents = YES;
				INFOPLIST_KEY_UILaunchStoryboardName = LaunchScreen;
				INFOPLIST_KEY_UIMainStoryboardFile = Main;
				INFOPLIST_KEY_UIRequiredDeviceCapabilities = armv7;
				INFOPLIST_KEY_UISupportedInterfaceOrientations = "UIInterfaceOrientationPortrait UIInterfaceOrientationLandscapeLeft UIInterfaceOrientationLandscapeRight";
				INFOPLIST_KEY_UISupportedInterfaceOrientations_iPad = "UIInterfaceOrientationPortrait UIInterfaceOrientationPortraitUpsideDown UIInterfaceOrientationLandscapeLeft UIInterfaceOrientationLandscapeRight";
				INFOPLIST_KEY_UISupportedInterfaceOrientations_iPhone = "UIInterfaceOrientationPortrait UIInterfaceOrientationLandscapeLeft UIInterfaceOrientationLandscapeRight";
				IPHONEOS_DEPLOYMENT_TARGET = 15.6;
				LD_RUNPATH_SEARCH_PATHS = (
					"$(inherited)",
					"@executable_path/Frameworks",
				);
				MARKETING_VERSION = 1.0;
				"OTHER_SWIFT_FLAGS[arch=*]" = "-D DEBUG";
				PRODUCT_BUNDLE_IDENTIFIER = Pupl.PupillometryApp;
				PRODUCT_NAME = "$(TARGET_NAME)";
				PROVISIONING_PROFILE_SPECIFIER = "";
				SWIFT_EMIT_LOC_STRINGS = YES;
				SWIFT_VERSION = 5.0;
				TARGETED_DEVICE_FAMILY = "1,2";
			};
			name = Debug;
		};
		E9C2D45D2DE93AD8006F1CBA /* Release */ = {
			isa = XCBuildConfiguration;
			baseConfigurationReference = DEF3FC1A2BA7917FD7E358B5 /* Pods-PupillometryApp.release.xcconfig */;
			buildSettings = {
				ASSETCATALOG_COMPILER_APPICON_NAME = AppIcon;
				ASSETCATALOG_COMPILER_GLOBAL_ACCENT_COLOR_NAME = AccentColor;
				CODE_SIGN_IDENTITY = "Apple Development";
				CODE_SIGN_STYLE = Automatic;
				CURRENT_PROJECT_VERSION = 1;
				DEVELOPMENT_TEAM = 8N7UTU996X;
				"EXCLUDED_ARCHS[sdk=iphonesimulator*]" = "$(inherited)";
				GENERATE_INFOPLIST_FILE = YES;
				INFOPLIST_FILE = PupillometryApp/Info.plist;
				INFOPLIST_KEY_CFBundleDisplayName = PupillometryApp;
				INFOPLIST_KEY_NSCameraUsageDescription = "This app uses the camera to track pupil movements for neurological assessment.";
				INFOPLIST_KEY_NSFaceIDUsageDescription = "This app uses face detection to accurately measure pupil responses during cognitive tasks";
				INFOPLIST_KEY_NSMicrophoneUsageDescription = "This app may use audio for task instructions during assessments.";
				INFOPLIST_KEY_NSPhotoLibraryUsageDescription = "This app needs photo library access to save assessment recordings.";
				INFOPLIST_KEY_UIApplicationSupportsIndirectInputEvents = YES;
				INFOPLIST_KEY_UILaunchStoryboardName = LaunchScreen;
				INFOPLIST_KEY_UIMainStoryboardFile = Main;
				INFOPLIST_KEY_UIRequiredDeviceCapabilities = armv7;
				INFOPLIST_KEY_UISupportedInterfaceOrientations = "UIInterfaceOrientationPortrait UIInterfaceOrientationLandscapeLeft UIInterfaceOrientationLandscapeRight";
				INFOPLIST_KEY_UISupportedInterfaceOrientations_iPad = "UIInterfaceOrientationPortrait UIInterfaceOrientationPortraitUpsideDown UIInterfaceOrientationLandscapeLeft UIInterfaceOrientationLandscapeRight";
				INFOPLIST_KEY_UISupportedInterfaceOrientations_iPhone = "UIInterfaceOrientationPortrait UIInterfaceOrientationLandscapeLeft UIInterfaceOrientationLandscapeRight";
				IPHONEOS_DEPLOYMENT_TARGET = 15.6;
				LD_RUNPATH_SEARCH_PATHS = (
					"$(inherited)",
					"@executable_path/Frameworks",
				);
				MARKETING_VERSION = 1.0;
				PRODUCT_BUNDLE_IDENTIFIER = Pupl.PupillometryApp;
				PRODUCT_NAME = "$(TARGET_NAME)";
				PROVISIONING_PROFILE_SPECIFIER = "";
				SWIFT_EMIT_LOC_STRINGS = YES;
				SWIFT_VERSION = 5.0;
				TARGETED_DEVICE_FAMILY = "1,2";
			};
			name = Release;
		};
		E9C2D45E2DE93AD8006F1CBA /* Debug */ = {
			isa = XCBuildConfiguration;
			buildSettings = {
				ALWAYS_SEARCH_USER_PATHS = NO;
				ASSETCATALOG_COMPILER_GENERATE_SWIFT_ASSET_SYMBOL_EXTENSIONS = YES;
				CLANG_ANALYZER_NONNULL = YES;
				CLANG_ANALYZER_NUMBER_OBJECT_CONVERSION = YES_AGGRESSIVE;
				CLANG_CXX_LANGUAGE_STANDARD = "gnu++20";
				CLANG_ENABLE_MODULES = YES;
				CLANG_ENABLE_OBJC_ARC = YES;
				CLANG_ENABLE_OBJC_WEAK = YES;
				CLANG_WARN_BLOCK_CAPTURE_AUTORELEASING = YES;
				CLANG_WARN_BOOL_CONVERSION = YES;
				CLANG_WARN_COMMA = YES;
				CLANG_WARN_CONSTANT_CONVERSION = YES;
				CLANG_WARN_DEPRECATED_OBJC_IMPLEMENTATIONS = YES;
				CLANG_WARN_DIRECT_OBJC_ISA_USAGE = YES_ERROR;
				CLANG_WARN_DOCUMENTATION_COMMENTS = YES;
				CLANG_WARN_EMPTY_BODY = YES;
				CLANG_WARN_ENUM_CONVERSION = YES;
				CLANG_WARN_INFINITE_RECURSION = YES;
				CLANG_WARN_INT_CONVERSION = YES;
				CLANG_WARN_NON_LITERAL_NULL_CONVERSION = YES;
				CLANG_WARN_OBJC_IMPLICIT_RETAIN_SELF = YES;
				CLANG_WARN_OBJC_LITERAL_CONVERSION = YES;
				CLANG_WARN_OBJC_ROOT_CLASS = YES_ERROR;
				CLANG_WARN_QUOTED_INCLUDE_IN_FRAMEWORK_HEADER = YES;
				CLANG_WARN_RANGE_LOOP_ANALYSIS = YES;
				CLANG_WARN_STRICT_PROTOTYPES = YES;
				CLANG_WARN_SUSPICIOUS_MOVE = YES;
				CLANG_WARN_UNGUARDED_AVAILABILITY = YES_AGGRESSIVE;
				CLANG_WARN_UNREACHABLE_CODE = YES;
				CLANG_WARN__DUPLICATE_METHOD_MATCH = YES;
				COPY_PHASE_STRIP = NO;
				DEBUG_INFORMATION_FORMAT = dwarf;
				ENABLE_STRICT_OBJC_MSGSEND = YES;
				ENABLE_TESTABILITY = YES;
				ENABLE_USER_SCRIPT_SANDBOXING = NO;
				GCC_C_LANGUAGE_STANDARD = gnu17;
				GCC_DYNAMIC_NO_PIC = NO;
				GCC_NO_COMMON_BLOCKS = YES;
				GCC_OPTIMIZATION_LEVEL = 0;
				GCC_PREPROCESSOR_DEFINITIONS = (
					"DEBUG=1",
					"$(inherited)",
				);
				GCC_WARN_64_TO_32_BIT_CONVERSION = YES;
				GCC_WARN_ABOUT_RETURN_TYPE = YES_ERROR;
				GCC_WARN_UNDECLARED_SELECTOR = YES;
				GCC_WARN_UNINITIALIZED_AUTOS = YES_AGGRESSIVE;
				GCC_WARN_UNUSED_FUNCTION = YES;
				GCC_WARN_UNUSED_VARIABLE = YES;
				IPHONEOS_DEPLOYMENT_TARGET = 15.6;
				LOCALIZATION_PREFERS_STRING_CATALOGS = YES;
				MTL_ENABLE_DEBUG_INFO = INCLUDE_SOURCE;
				MTL_FAST_MATH = YES;
				ONLY_ACTIVE_ARCH = YES;
				SDKROOT = iphoneos;
				SWIFT_ACTIVE_COMPILATION_CONDITIONS = "DEBUG $(inherited)";
				SWIFT_OPTIMIZATION_LEVEL = "-Onone";
			};
			name = Debug;
		};
		E9C2D45F2DE93AD8006F1CBA /* Release */ = {
			isa = XCBuildConfiguration;
			buildSettings = {
				ALWAYS_SEARCH_USER_PATHS = NO;
				ASSETCATALOG_COMPILER_GENERATE_SWIFT_ASSET_SYMBOL_EXTENSIONS = YES;
				CLANG_ANALYZER_NONNULL = YES;
				CLANG_ANALYZER_NUMBER_OBJECT_CONVERSION = YES_AGGRESSIVE;
				CLANG_CXX_LANGUAGE_STANDARD = "gnu++20";
				CLANG_ENABLE_MODULES = YES;
				CLANG_ENABLE_OBJC_ARC = YES;
				CLANG_ENABLE_OBJC_WEAK = YES;
				CLANG_WARN_BLOCK_CAPTURE_AUTORELEASING = YES;
				CLANG_WARN_BOOL_CONVERSION = YES;
				CLANG_WARN_COMMA = YES;
				CLANG_WARN_CONSTANT_CONVERSION = YES;
				CLANG_WARN_DEPRECATED_OBJC_IMPLEMENTATIONS = YES;
				CLANG_WARN_DIRECT_OBJC_ISA_USAGE = YES_ERROR;
				CLANG_WARN_DOCUMENTATION_COMMENTS = YES;
				CLANG_WARN_EMPTY_BODY = YES;
				CLANG_WARN_ENUM_CONVERSION = YES;
				CLANG_WARN_INFINITE_RECURSION = YES;
				CLANG_WARN_INT_CONVERSION = YES;
				CLANG_WARN_NON_LITERAL_NULL_CONVERSION = YES;
				CLANG_WARN_OBJC_IMPLICIT_RETAIN_SELF = YES;
				CLANG_WARN_OBJC_LITERAL_CONVERSION = YES;
				CLANG_WARN_OBJC_ROOT_CLASS = YES_ERROR;
				CLANG_WARN_QUOTED_INCLUDE_IN_FRAMEWORK_HEADER = YES;
				CLANG_WARN_RANGE_LOOP_ANALYSIS = YES;
				CLANG_WARN_STRICT_PROTOTYPES = YES;
				CLANG_WARN_SUSPICIOUS_MOVE = YES;
				CLANG_WARN_UNGUARDED_AVAILABILITY = YES_AGGRESSIVE;
				CLANG_WARN_UNREACHABLE_CODE = YES;
				CLANG_WARN__DUPLICATE_METHOD_MATCH = YES;
				COPY_PHASE_STRIP = NO;
				DEBUG_INFORMATION_FORMAT = "dwarf-with-dsym";
				ENABLE_NS_ASSERTIONS = NO;
				ENABLE_STRICT_OBJC_MSGSEND = YES;
				ENABLE_USER_SCRIPT_SANDBOXING = NO;
				GCC_C_LANGUAGE_STANDARD = gnu17;
				GCC_NO_COMMON_BLOCKS = YES;
				GCC_WARN_64_TO_32_BIT_CONVERSION = YES;
				GCC_WARN_ABOUT_RETURN_TYPE = YES_ERROR;
				GCC_WARN_UNDECLARED_SELECTOR = YES;
				GCC_WARN_UNINITIALIZED_AUTOS = YES_AGGRESSIVE;
				GCC_WARN_UNUSED_FUNCTION = YES;
				GCC_WARN_UNUSED_VARIABLE = YES;
				IPHONEOS_DEPLOYMENT_TARGET = 15.6;
				LOCALIZATION_PREFERS_STRING_CATALOGS = YES;
				MTL_ENABLE_DEBUG_INFO = NO;
				MTL_FAST_MATH = YES;
				SDKROOT = iphoneos;
				SWIFT_COMPILATION_MODE = wholemodule;
				VALIDATE_PRODUCT = YES;
			};
			name = Release;
		};
		E9C2D4612DE93AD8006F1CBA /* Debug */ = {
			isa = XCBuildConfiguration;
			baseConfigurationReference = 74C8C752C2AAF28FED60DD96 /* Pods-PupillometryAppTests.debug.xcconfig */;
			buildSettings = {
				BUNDLE_LOADER = "$(TEST_HOST)";
				CODE_SIGN_STYLE = Automatic;
				CURRENT_PROJECT_VERSION = 1;
				DEVELOPMENT_TEAM = 8N7UTU996X;
				GENERATE_INFOPLIST_FILE = YES;
				IPHONEOS_DEPLOYMENT_TARGET = 18.2;
				MARKETING_VERSION = 1.0;
				PRODUCT_BUNDLE_IDENTIFIER = Pupl.PupillometryAppTests;
				PRODUCT_NAME = "$(TARGET_NAME)";
				SWIFT_EMIT_LOC_STRINGS = NO;
				SWIFT_VERSION = 5.0;
				TARGETED_DEVICE_FAMILY = "1,2";
				TEST_HOST = "$(BUILT_PRODUCTS_DIR)/PupillometryApp.app/$(BUNDLE_EXECUTABLE_FOLDER_PATH)/PupillometryApp";
			};
			name = Debug;
		};
		E9C2D4622DE93AD8006F1CBA /* Release */ = {
			isa = XCBuildConfiguration;
			baseConfigurationReference = AFF7FEB9F8E2E79219DB6F1C /* Pods-PupillometryAppTests.release.xcconfig */;
			buildSettings = {
				BUNDLE_LOADER = "$(TEST_HOST)";
				CODE_SIGN_STYLE = Automatic;
				CURRENT_PROJECT_VERSION = 1;
				DEVELOPMENT_TEAM = 8N7UTU996X;
				GENERATE_INFOPLIST_FILE = YES;
				IPHONEOS_DEPLOYMENT_TARGET = 18.2;
				MARKETING_VERSION = 1.0;
				PRODUCT_BUNDLE_IDENTIFIER = Pupl.PupillometryAppTests;
				PRODUCT_NAME = "$(TARGET_NAME)";
				SWIFT_EMIT_LOC_STRINGS = NO;
				SWIFT_VERSION = 5.0;
				TARGETED_DEVICE_FAMILY = "1,2";
				TEST_HOST = "$(BUILT_PRODUCTS_DIR)/PupillometryApp.app/$(BUNDLE_EXECUTABLE_FOLDER_PATH)/PupillometryApp";
			};
			name = Release;
		};
		E9C2D4642DE93AD8006F1CBA /* Debug */ = {
			isa = XCBuildConfiguration;
			baseConfigurationReference = 859DE2AC991927FA9C3A5909 /* Pods-PupillometryAppUITests.debug.xcconfig */;
			buildSettings = {
				CODE_SIGN_STYLE = Automatic;
				CURRENT_PROJECT_VERSION = 1;
				DEVELOPMENT_TEAM = 8N7UTU996X;
				GENERATE_INFOPLIST_FILE = YES;
				MARKETING_VERSION = 1.0;
				PRODUCT_BUNDLE_IDENTIFIER = Pupl.PupillometryAppUITests;
				PRODUCT_NAME = "$(TARGET_NAME)";
				SWIFT_EMIT_LOC_STRINGS = NO;
				SWIFT_VERSION = 5.0;
				TARGETED_DEVICE_FAMILY = "1,2";
				TEST_TARGET_NAME = PupillometryApp;
			};
			name = Debug;
		};
		E9C2D4652DE93AD8006F1CBA /* Release */ = {
			isa = XCBuildConfiguration;
			baseConfigurationReference = 45615415A372C7BB58044251 /* Pods-PupillometryAppUITests.release.xcconfig */;
			buildSettings = {
				CODE_SIGN_STYLE = Automatic;
				CURRENT_PROJECT_VERSION = 1;
				DEVELOPMENT_TEAM = 8N7UTU996X;
				GENERATE_INFOPLIST_FILE = YES;
				MARKETING_VERSION = 1.0;
				PRODUCT_BUNDLE_IDENTIFIER = Pupl.PupillometryAppUITests;
				PRODUCT_NAME = "$(TARGET_NAME)";
				SWIFT_EMIT_LOC_STRINGS = NO;
				SWIFT_VERSION = 5.0;
				TARGETED_DEVICE_FAMILY = "1,2";
				TEST_TARGET_NAME = PupillometryApp;
			};
			name = Release;
		};
/* End XCBuildConfiguration section */

/* Begin XCConfigurationList section */
		E9C2D42A2DE93AD5006F1CBA /* Build configuration list for PBXProject "PupillometryApp" */ = {
			isa = XCConfigurationList;
			buildConfigurations = (
				E9C2D45E2DE93AD8006F1CBA /* Debug */,
				E9C2D45F2DE93AD8006F1CBA /* Release */,
			);
			defaultConfigurationIsVisible = 0;
			defaultConfigurationName = Release;
		};
		E9C2D45B2DE93AD8006F1CBA /* Build configuration list for PBXNativeTarget "PupillometryApp" */ = {
			isa = XCConfigurationList;
			buildConfigurations = (
				E9C2D45C2DE93AD8006F1CBA /* Debug */,
				E9C2D45D2DE93AD8006F1CBA /* Release */,
			);
			defaultConfigurationIsVisible = 0;
			defaultConfigurationName = Release;
		};
		E9C2D4602DE93AD8006F1CBA /* Build configuration list for PBXNativeTarget "PupillometryAppTests" */ = {
			isa = XCConfigurationList;
			buildConfigurations = (
				E9C2D4612DE93AD8006F1CBA /* Debug */,
				E9C2D4622DE93AD8006F1CBA /* Release */,
			);
			defaultConfigurationIsVisible = 0;
			defaultConfigurationName = Release;
		};
		E9C2D4632DE93AD8006F1CBA /* Build configuration list for PBXNativeTarget "PupillometryAppUITests" */ = {
			isa = XCConfigurationList;
			buildConfigurations = (
				E9C2D4642DE93AD8006F1CBA /* Debug */,
				E9C2D4652DE93AD8006F1CBA /* Release */,
			);
			defaultConfigurationIsVisible = 0;
			defaultConfigurationName = Release;
		};
/* End XCConfigurationList section */

/* Begin XCRemoteSwiftPackageReference section */
		E950C3B22E10969C004C273B /* XCRemoteSwiftPackageReference "firebase-ios-sdk" */ = {
			isa = XCRemoteSwiftPackageReference;
			repositoryURL = "https://github.com/firebase/firebase-ios-sdk";
			requirement = {
				kind = upToNextMajorVersion;
				minimumVersion = 11.15.0;
			};
		};
		E982A7672E078E14006571AB /* XCRemoteSwiftPackageReference "firebase-ios-sdk" */ = {
			isa = XCRemoteSwiftPackageReference;
			repositoryURL = "https://github.com/firebase/firebase-ios-sdk";
			requirement = {
				kind = upToNextMajorVersion;
				minimumVersion = 11.14.0;
			};
		};
/* End XCRemoteSwiftPackageReference section */

/* Begin XCSwiftPackageProductDependency section */
		E950C3B32E10969C004C273B /* FirebaseAnalytics */ = {
			isa = XCSwiftPackageProductDependency;
			package = E950C3B22E10969C004C273B /* XCRemoteSwiftPackageReference "firebase-ios-sdk" */;
			productName = FirebaseAnalytics;
		};
		E950C3B52E10969C004C273B /* FirebaseAuth */ = {
			isa = XCSwiftPackageProductDependency;
			package = E950C3B22E10969C004C273B /* XCRemoteSwiftPackageReference "firebase-ios-sdk" */;
			productName = FirebaseAuth;
		};
		E950C3B72E10969C004C273B /* FirebaseCore */ = {
			isa = XCSwiftPackageProductDependency;
			package = E950C3B22E10969C004C273B /* XCRemoteSwiftPackageReference "firebase-ios-sdk" */;
			productName = FirebaseCore;
		};
		E950C3B92E10969C004C273B /* FirebaseDatabase */ = {
			isa = XCSwiftPackageProductDependency;
			package = E950C3B22E10969C004C273B /* XCRemoteSwiftPackageReference "firebase-ios-sdk" */;
			productName = FirebaseDatabase;
		};
		E950C3BB2E10969C004C273B /* FirebaseStorage */ = {
			isa = XCSwiftPackageProductDependency;
			package = E950C3B22E10969C004C273B /* XCRemoteSwiftPackageReference "firebase-ios-sdk" */;
			productName = FirebaseStorage;
		};
		E982A7682E078E14006571AB /* FirebaseAnalytics */ = {
			isa = XCSwiftPackageProductDependency;
			package = E982A7672E078E14006571AB /* XCRemoteSwiftPackageReference "firebase-ios-sdk" */;
			productName = FirebaseAnalytics;
		};
		E982A76A2E078E14006571AB /* FirebaseAuth */ = {
			isa = XCSwiftPackageProductDependency;
			package = E982A7672E078E14006571AB /* XCRemoteSwiftPackageReference "firebase-ios-sdk" */;
			productName = FirebaseAuth;
		};
		E982A76C2E078E14006571AB /* FirebaseCore */ = {
			isa = XCSwiftPackageProductDependency;
			package = E982A7672E078E14006571AB /* XCRemoteSwiftPackageReference "firebase-ios-sdk" */;
			productName = FirebaseCore;
		};
		E982A76E2E078E14006571AB /* FirebaseDatabase */ = {
			isa = XCSwiftPackageProductDependency;
			package = E982A7672E078E14006571AB /* XCRemoteSwiftPackageReference "firebase-ios-sdk" */;
			productName = FirebaseDatabase;
		};
		E982A7702E078E14006571AB /* FirebaseStorage */ = {
			isa = XCSwiftPackageProductDependency;
			package = E982A7672E078E14006571AB /* XCRemoteSwiftPackageReference "firebase-ios-sdk" */;
			productName = FirebaseStorage;
		};
/* End XCSwiftPackageProductDependency section */
	};
	rootObject = E9C2D4272DE93AD4006F1CBA /* Project object */;
}
